
Microsoft Visual Studio Solution File, Format Version 12.00
# Visual Studio Version 17
VisualStudioVersion = 17.3.32825.248
MinimumVisualStudioVersion = 10.0.40219.1
Project("{9A19103F-16F7-4668-BE54-9A1E7A4F7556}") = "MiniSurveys.Domain", "MiniSurveys\MiniSurveys.Domain.csproj", "{9A770AB0-1225-456C-BB57-EF02F505C741}"
EndProject
Project("{9A19103F-16F7-4668-BE54-9A1E7A4F7556}") = "MiniSurveys.Test", "MiniSurveys.Test\MiniSurveys.Test.csproj", "{A737400F-FEFD-4F58-A77E-73E8A6E12D41}"
	ProjectSection(ProjectDependencies) = postProject
		{9A770AB0-1225-456C-BB57-EF02F505C741} = {9A770AB0-1225-456C-BB57-EF02F505C741}
	EndProjectSection
EndProject
Project("{FAE04EC0-301F-11D3-BF4B-00C04F79EFBC}") = "MiniSurveys.Web", "MiniSurveys.Web\MiniSurveys.Web.csproj", "{559AA2EA-BD46-4E71-93DA-4723C1352689}"
EndProject
Global
	GlobalSection(SolutionConfigurationPlatforms) = preSolution
		Debug|Any CPU = Debug|Any CPU
		Release|Any CPU = Release|Any CPU
	EndGlobalSection
	GlobalSection(ProjectConfigurationPlatforms) = postSolution
		{9A770AB0-1225-456C-BB57-EF02F505C741}.Debug|Any CPU.ActiveCfg = Debug|Any CPU
		{9A770AB0-1225-456C-BB57-EF02F505C741}.Debug|Any CPU.Build.0 = Debug|Any CPU
		{9A770AB0-1225-456C-BB57-EF02F505C741}.Release|Any CPU.ActiveCfg = Release|Any CPU
		{9A770AB0-1225-456C-BB57-EF02F505C741}.Release|Any CPU.Build.0 = Release|Any CPU
		{A737400F-FEFD-4F58-A77E-73E8A6E12D41}.Debug|Any CPU.ActiveCfg = Debug|Any CPU
		{A737400F-FEFD-4F58-A77E-73E8A6E12D41}.Debug|Any CPU.Build.0 = Debug|Any CPU
		{A737400F-FEFD-4F58-A77E-73E8A6E12D41}.Release|Any CPU.ActiveCfg = Release|Any CPU
		{A737400F-FEFD-4F58-A77E-73E8A6E12D41}.Release|Any CPU.Build.0 = Release|Any CPU
		{559AA2EA-BD46-4E71-93DA-4723C1352689}.Debug|Any CPU.ActiveCfg = Debug|Any CPU
		{559AA2EA-BD46-4E71-93DA-4723C1352689}.Debug|Any CPU.Build.0 = Debug|Any CPU
		{559AA2EA-BD46-4E71-93DA-4723C1352689}.Release|Any CPU.ActiveCfg = Release|Any CPU
		{559AA2EA-BD46-4E71-93DA-4723C1352689}.Release|Any CPU.Build.0 = Release|Any CPU
	EndGlobalSection
	GlobalSection(SolutionProperties) = preSolution
		HideSolutionNode = FALSE
	EndGlobalSection
	GlobalSection(ExtensibilityGlobals) = postSolution
		SolutionGuid = {DDD59A33-8B77-46E4-A99E-3D3ADD77840A}
	EndGlobalSection
EndGlobal
